
Microsoft Visual Studio Solution File, Format Version 12.00
# Visual Studio Version 16
VisualStudioVersion = 16.0.30804.86
MinimumVisualStudioVersion = 10.0.40219.1
Project("{8BC9CEB8-8B4A-11D0-8D11-00A0C91BC942}") = "BubbleSort", "BubbleSort\BubbleSort.vcxproj", "{E5308D68-56FA-4F61-AFF0-4A98C69F88B8}"
EndProject
Global
	GlobalSection(SolutionConfigurationPlatforms) = preSolution
		Debug|x64 = Debug|x64
		Debug|x86 = Debug|x86
		Release|x64 = Release|x64
		Release|x86 = Release|x86
	EndGlobalSection
	GlobalSection(ProjectConfigurationPlatforms) = postSolution
		{E5308D68-56FA-4F61-AFF0-4A98C69F88B8}.Debug|x64.ActiveCfg = Debug|x64
		{E5308D68-56FA-4F61-AFF0-4A98C69F88B8}.Debug|x64.Build.0 = Debug|x64
		{E5308D68-56FA-4F61-AFF0-4A98C69F88B8}.Debug|x86.ActiveCfg = Debug|Win32
		{E5308D68-56FA-4F61-AFF0-4A98C69F88B8}.Debug|x86.Build.0 = Debug|Win32
		{E5308D68-56FA-4F61-AFF0-4A98C69F88B8}.Release|x64.ActiveCfg = Release|x64
		{E5308D68-56FA-4F61-AFF0-4A98C69F88B8}.Release|x64.Build.0 = Release|x64
		{E5308D68-56FA-4F61-AFF0-4A98C69F88B8}.Release|x86.ActiveCfg = Release|Win32
		{E5308D68-56FA-4F61-AFF0-4A98C69F88B8}.Release|x86.Build.0 = Release|Win32
	EndGlobalSection
	GlobalSection(SolutionProperties) = preSolution
		HideSolutionNode = FALSE
	EndGlobalSection
	GlobalSection(ExtensibilityGlobals) = postSolution
		SolutionGuid = {742EB4E9-615A-49BA-A30C-3251BCB6AE7C}
	EndGlobalSection
EndGlobal
